
Microsoft Visual Studio Solution File, Format Version 12.00
# Visual Studio Version 16
VisualStudioVersion = 16.0.31205.134
MinimumVisualStudioVersion = 10.0.40219.1
Project("{FAE04EC0-301F-11D3-BF4B-00C04F79EFBC}") = "DS01_At2_SA2_2021_07_01", "DS01_At2_SA2_2021_07_01\DS01_At2_SA2_2021_07_01.csproj", "{B5FE75D9-8BA8-44C5-BE82-3D822795D047}"
EndProject
Global
	GlobalSection(SolutionConfigurationPlatforms) = preSolution
		Debug|Any CPU = Debug|Any CPU
		Release|Any CPU = Release|Any CPU
	EndGlobalSection
	GlobalSection(ProjectConfigurationPlatforms) = postSolution
		{B5FE75D9-8BA8-44C5-BE82-3D822795D047}.Debug|Any CPU.ActiveCfg = Debug|Any CPU
		{B5FE75D9-8BA8-44C5-BE82-3D822795D047}.Debug|Any CPU.Build.0 = Debug|Any CPU
		{B5FE75D9-8BA8-44C5-BE82-3D822795D047}.Release|Any CPU.ActiveCfg = Release|Any CPU
		{B5FE75D9-8BA8-44C5-BE82-3D822795D047}.Release|Any CPU.Build.0 = Release|Any CPU
	EndGlobalSection
	GlobalSection(SolutionProperties) = preSolution
		HideSolutionNode = FALSE
	EndGlobalSection
	GlobalSection(ExtensibilityGlobals) = postSolution
		SolutionGuid = {AF00FECD-001A-4907-A1CD-69BED81C0B00}
	EndGlobalSection
EndGlobal
